Microsoft Visual Studio Solution File, Format Version 12.00
# Visual Studio Version 17
VisualStudioVersion = 17.5.2.0
MinimumVisualStudioVersion = 10.0.40219.1
Project("{2150E333-8FDC-42A3-9474-1A3956D46DE8}") = "weather app", "weather app", "{1B693601-29D1-F7A2-2382-E03E48F2A760}"
EndProject
Project("{FAE04EC0-301F-11D3-BF4B-00C04F79EFBC}") = "WeatherAppUtils", "weather app\WeatherAppUtils.csproj", "{84DDDD9A-BC32-41DF-5CF5-2A41FB9F6353}"
EndProject
Global
	GlobalSection(SolutionConfigurationPlatforms) = preSolution
		Debug|Any CPU = Debug|Any CPU
		Release|Any CPU = Release|Any CPU
	EndGlobalSection
	GlobalSection(ProjectConfigurationPlatforms) = postSolution
		{84DDDD9A-BC32-41DF-5CF5-2A41FB9F6353}.Debug|Any CPU.ActiveCfg = Debug|Any CPU
		{84DDDD9A-BC32-41DF-5CF5-2A41FB9F6353}.Debug|Any CPU.Build.0 = Debug|Any CPU
		{84DDDD9A-BC32-41DF-5CF5-2A41FB9F6353}.Release|Any CPU.ActiveCfg = Release|Any CPU
		{84DDDD9A-BC32-41DF-5CF5-2A41FB9F6353}.Release|Any CPU.Build.0 = Release|Any CPU
	EndGlobalSection
	GlobalSection(SolutionProperties) = preSolution
		HideSolutionNode = FALSE
	EndGlobalSection
	GlobalSection(NestedProjects) = preSolution
		{84DDDD9A-BC32-41DF-5CF5-2A41FB9F6353} = {1B693601-29D1-F7A2-2382-E03E48F2A760}
	EndGlobalSection
	GlobalSection(ExtensibilityGlobals) = postSolution
		SolutionGuid = {190FB1D1-AB66-4229-AAB2-9E3F15BCB5AD}
	EndGlobalSection
EndGlobal
